
Microsoft Visual Studio Solution File, Format Version 12.00
# Visual Studio Version 16
VisualStudioVersion = 16.0.29709.97
MinimumVisualStudioVersion = 10.0.40219.1
Project("{FAE04EC0-301F-11D3-BF4B-00C04F79EFBC}") = "Organico", "Organico.csproj", "{CE0B865D-6904-4177-A590-5BE53DBB96FD}"
EndProject
Global
	GlobalSection(SolutionConfigurationPlatforms) = preSolution
		Debug|Any CPU = Debug|Any CPU
		Release|Any CPU = Release|Any CPU
	EndGlobalSection
	GlobalSection(ProjectConfigurationPlatforms) = postSolution
		{CE0B865D-6904-4177-A590-5BE53DBB96FD}.Debug|Any CPU.ActiveCfg = Debug|Any CPU
		{CE0B865D-6904-4177-A590-5BE53DBB96FD}.Debug|Any CPU.Build.0 = Debug|Any CPU
		{CE0B865D-6904-4177-A590-5BE53DBB96FD}.Release|Any CPU.ActiveCfg = Release|Any CPU
		{CE0B865D-6904-4177-A590-5BE53DBB96FD}.Release|Any CPU.Build.0 = Release|Any CPU
	EndGlobalSection
	GlobalSection(SolutionProperties) = preSolution
		HideSolutionNode = FALSE
	EndGlobalSection
	GlobalSection(ExtensibilityGlobals) = postSolution
		SolutionGuid = {51C2378F-8725-4A98-9E41-92F51FFAC26D}
	EndGlobalSection
EndGlobal
